// !$*UTF8*$!
{
	archiveVersion = 1;
	classes = {
	};
	objectVersion = 56;
	objects = {

/* Begin PBXBuildFile section */
		D4CE126C2B49EFE800A7172B /* PersonalGuideApp.swift in Sources */ = {isa = PBXBuildFile; fileRef = D4CE126B2B49EFE800A7172B /* PersonalGuideApp.swift */; };
		D4CE12722B49EFE900A7172B /* Assets.xcassets in Resources */ = {isa = PBXBuildFile; fileRef = D4CE12712B49EFE900A7172B /* Assets.xcassets */; };
		D4CE12762B49EFE900A7172B /* Preview Assets.xcassets in Resources */ = {isa = PBXBuildFile; fileRef = D4CE12752B49EFE900A7172B /* Preview Assets.xcassets */; };
		D4CE12802B49EFEA00A7172B /* Personal_GuideTests.swift in Sources */ = {isa = PBXBuildFile; fileRef = D4CE127F2B49EFEA00A7172B /* Personal_GuideTests.swift */; };
		D4CE128A2B49EFEA00A7172B /* Personal_GuideUITests.swift in Sources */ = {isa = PBXBuildFile; fileRef = D4CE12892B49EFEA00A7172B /* Personal_GuideUITests.swift */; };
		D4CE128C2B49EFEA00A7172B /* Personal_GuideUITestsLaunchTests.swift in Sources */ = {isa = PBXBuildFile; fileRef = D4CE128B2B49EFEA00A7172B /* Personal_GuideUITestsLaunchTests.swift */; };
		D4CE129A2B49F14E00A7172B /* LifeGoalV1.swift in Sources */ = {isa = PBXBuildFile; fileRef = D4CE12992B49F14E00A7172B /* LifeGoalV1.swift */; };
		D4CE12A12B49F74100A7172B /* Launch Screen.storyboard in Resources */ = {isa = PBXBuildFile; fileRef = D4CE12A02B49F74100A7172B /* Launch Screen.storyboard */; };
		D4CE12A32B49F8E400A7172B /* PreviewContainer.swift in Sources */ = {isa = PBXBuildFile; fileRef = D4CE12A22B49F8E400A7172B /* PreviewContainer.swift */; };
		D4CE12A52B49FD8200A7172B /* ProductionContainer.swift in Sources */ = {isa = PBXBuildFile; fileRef = D4CE12A42B49FD8200A7172B /* ProductionContainer.swift */; };
		D4CE12A72B49FE0100A7172B /* DataContainerErrorView.swift in Sources */ = {isa = PBXBuildFile; fileRef = D4CE12A62B49FE0100A7172B /* DataContainerErrorView.swift */; };
		D4CE12AA2B49FF8B00A7172B /* NoLifeGoalsView.swift in Sources */ = {isa = PBXBuildFile; fileRef = D4CE12A92B49FF8B00A7172B /* NoLifeGoalsView.swift */; };
		D4CE12AC2B4A092B00A7172B /* LifeGoalRow.swift in Sources */ = {isa = PBXBuildFile; fileRef = D4CE12AB2B4A092B00A7172B /* LifeGoalRow.swift */; };
		D4CE12AE2B4A09BC00A7172B /* LifeGoalDetailView.swift in Sources */ = {isa = PBXBuildFile; fileRef = D4CE12AD2B4A09BC00A7172B /* LifeGoalDetailView.swift */; };
		D4CE12B02B4A0D2400A7172B /* LifeGoalList.swift in Sources */ = {isa = PBXBuildFile; fileRef = D4CE12AF2B4A0D2400A7172B /* LifeGoalList.swift */; };
		D4CE12B22B4A0EC400A7172B /* LifeGoalOverview.swift in Sources */ = {isa = PBXBuildFile; fileRef = D4CE12B12B4A0EC400A7172B /* LifeGoalOverview.swift */; };
		D4CE12B42B4DD29B00A7172B /* LifeGoalDetailMode.swift in Sources */ = {isa = PBXBuildFile; fileRef = D4CE12B32B4DD29B00A7172B /* LifeGoalDetailMode.swift */; };
		D4CE12B72B4DD52900A7172B /* NavigationBarButton.swift in Sources */ = {isa = PBXBuildFile; fileRef = D4CE12B62B4DD52900A7172B /* NavigationBarButton.swift */; };
/* End PBXBuildFile section */

/* Begin PBXContainerItemProxy section */
		D4CE127C2B49EFEA00A7172B /* PBXContainerItemProxy */ = {
			isa = PBXContainerItemProxy;
			containerPortal = D4CE12602B49EFE800A7172B /* Project object */;
			proxyType = 1;
			remoteGlobalIDString = D4CE12672B49EFE800A7172B;
			remoteInfo = "Personal Guide";
		};
		D4CE12862B49EFEA00A7172B /* PBXContainerItemProxy */ = {
			isa = PBXContainerItemProxy;
			containerPortal = D4CE12602B49EFE800A7172B /* Project object */;
			proxyType = 1;
			remoteGlobalIDString = D4CE12672B49EFE800A7172B;
			remoteInfo = "Personal Guide";
		};
/* End PBXContainerItemProxy section */

/* Begin PBXFileReference section */
		D4CE12682B49EFE800A7172B /* Personal Guide.app */ = {isa = PBXFileReference; explicitFileType = wrapper.application; includeInIndex = 0; path = "Personal Guide.app"; sourceTree = BUILT_PRODUCTS_DIR; };
		D4CE126B2B49EFE800A7172B /* PersonalGuideApp.swift */ = {isa = PBXFileReference; lastKnownFileType = sourcecode.swift; path = PersonalGuideApp.swift; sourceTree = "<group>"; };
		D4CE12712B49EFE900A7172B /* Assets.xcassets */ = {isa = PBXFileReference; lastKnownFileType = folder.assetcatalog; path = Assets.xcassets; sourceTree = "<group>"; };
		D4CE12732B49EFE900A7172B /* Personal_Guide.entitlements */ = {isa = PBXFileReference; lastKnownFileType = text.plist.entitlements; path = Personal_Guide.entitlements; sourceTree = "<group>"; };
		D4CE12752B49EFE900A7172B /* Preview Assets.xcassets */ = {isa = PBXFileReference; lastKnownFileType = folder.assetcatalog; path = "Preview Assets.xcassets"; sourceTree = "<group>"; };
		D4CE127B2B49EFEA00A7172B /* Personal GuideTests.xctest */ = {isa = PBXFileReference; explicitFileType = wrapper.cfbundle; includeInIndex = 0; path = "Personal GuideTests.xctest"; sourceTree = BUILT_PRODUCTS_DIR; };
		D4CE127F2B49EFEA00A7172B /* Personal_GuideTests.swift */ = {isa = PBXFileReference; lastKnownFileType = sourcecode.swift; path = Personal_GuideTests.swift; sourceTree = "<group>"; };
		D4CE12852B49EFEA00A7172B /* Personal GuideUITests.xctest */ = {isa = PBXFileReference; explicitFileType = wrapper.cfbundle; includeInIndex = 0; path = "Personal GuideUITests.xctest"; sourceTree = BUILT_PRODUCTS_DIR; };
		D4CE12892B49EFEA00A7172B /* Personal_GuideUITests.swift */ = {isa = PBXFileReference; lastKnownFileType = sourcecode.swift; path = Personal_GuideUITests.swift; sourceTree = "<group>"; };
		D4CE128B2B49EFEA00A7172B /* Personal_GuideUITestsLaunchTests.swift */ = {isa = PBXFileReference; lastKnownFileType = sourcecode.swift; path = Personal_GuideUITestsLaunchTests.swift; sourceTree = "<group>"; };
		D4CE12992B49F14E00A7172B /* LifeGoalV1.swift */ = {isa = PBXFileReference; lastKnownFileType = sourcecode.swift; path = LifeGoalV1.swift; sourceTree = "<group>"; };
		D4CE129F2B49F6D700A7172B /* Personal-Guide-Info.plist */ = {isa = PBXFileReference; lastKnownFileType = text.plist; path = "Personal-Guide-Info.plist"; sourceTree = SOURCE_ROOT; };
		D4CE12A02B49F74100A7172B /* Launch Screen.storyboard */ = {isa = PBXFileReference; lastKnownFileType = file.storyboard; path = "Launch Screen.storyboard"; sourceTree = "<group>"; };
		D4CE12A22B49F8E400A7172B /* PreviewContainer.swift */ = {isa = PBXFileReference; lastKnownFileType = sourcecode.swift; path = PreviewContainer.swift; sourceTree = "<group>"; };
		D4CE12A42B49FD8200A7172B /* ProductionContainer.swift */ = {isa = PBXFileReference; lastKnownFileType = sourcecode.swift; path = ProductionContainer.swift; sourceTree = "<group>"; };
		D4CE12A62B49FE0100A7172B /* DataContainerErrorView.swift */ = {isa = PBXFileReference; lastKnownFileType = sourcecode.swift; path = DataContainerErrorView.swift; sourceTree = "<group>"; };
		D4CE12A92B49FF8B00A7172B /* NoLifeGoalsView.swift */ = {isa = PBXFileReference; lastKnownFileType = sourcecode.swift; path = NoLifeGoalsView.swift; sourceTree = "<group>"; };
		D4CE12AB2B4A092B00A7172B /* LifeGoalRow.swift */ = {isa = PBXFileReference; lastKnownFileType = sourcecode.swift; path = LifeGoalRow.swift; sourceTree = "<group>"; };
		D4CE12AD2B4A09BC00A7172B /* LifeGoalDetailView.swift */ = {isa = PBXFileReference; lastKnownFileType = sourcecode.swift; path = LifeGoalDetailView.swift; sourceTree = "<group>"; };
		D4CE12AF2B4A0D2400A7172B /* LifeGoalList.swift */ = {isa = PBXFileReference; lastKnownFileType = sourcecode.swift; path = LifeGoalList.swift; sourceTree = "<group>"; };
		D4CE12B12B4A0EC400A7172B /* LifeGoalOverview.swift */ = {isa = PBXFileReference; lastKnownFileType = sourcecode.swift; path = LifeGoalOverview.swift; sourceTree = "<group>"; };
		D4CE12B32B4DD29B00A7172B /* LifeGoalDetailMode.swift */ = {isa = PBXFileReference; lastKnownFileType = sourcecode.swift; path = LifeGoalDetailMode.swift; sourceTree = "<group>"; };
		D4CE12B62B4DD52900A7172B /* NavigationBarButton.swift */ = {isa = PBXFileReference; lastKnownFileType = sourcecode.swift; path = NavigationBarButton.swift; sourceTree = "<group>"; };
/* End PBXFileReference section */

/* Begin PBXFrameworksBuildPhase section */
		D4CE12652B49EFE800A7172B /* Frameworks */ = {
			isa = PBXFrameworksBuildPhase;
			buildActionMask = 2147483647;
			files = (
			);
			runOnlyForDeploymentPostprocessing = 0;
		};
		D4CE12782B49EFEA00A7172B /* Frameworks */ = {
			isa = PBXFrameworksBuildPhase;
			buildActionMask = 2147483647;
			files = (
			);
			runOnlyForDeploymentPostprocessing = 0;
		};
		D4CE12822B49EFEA00A7172B /* Frameworks */ = {
			isa = PBXFrameworksBuildPhase;
			buildActionMask = 2147483647;
			files = (
			);
			runOnlyForDeploymentPostprocessing = 0;
		};
/* End PBXFrameworksBuildPhase section */

/* Begin PBXGroup section */
		D4CE125F2B49EFE800A7172B = {
			isa = PBXGroup;
			children = (
				D4CE126A2B49EFE800A7172B /* Personal Guide */,
				D4CE127E2B49EFEA00A7172B /* Personal GuideTests */,
				D4CE12882B49EFEA00A7172B /* Personal GuideUITests */,
				D4CE12692B49EFE800A7172B /* Products */,
			);
			sourceTree = "<group>";
		};
		D4CE12692B49EFE800A7172B /* Products */ = {
			isa = PBXGroup;
			children = (
				D4CE12682B49EFE800A7172B /* Personal Guide.app */,
				D4CE127B2B49EFEA00A7172B /* Personal GuideTests.xctest */,
				D4CE12852B49EFEA00A7172B /* Personal GuideUITests.xctest */,
			);
			name = Products;
			sourceTree = "<group>";
		};
		D4CE126A2B49EFE800A7172B /* Personal Guide */ = {
			isa = PBXGroup;
			children = (
				D4CE129F2B49F6D700A7172B /* Personal-Guide-Info.plist */,
				D4CE126B2B49EFE800A7172B /* PersonalGuideApp.swift */,
				D4CE12A02B49F74100A7172B /* Launch Screen.storyboard */,
				D4CE12B52B4DD51B00A7172B /* Common */,
				D4CE12982B49F0F100A7172B /* Data */,
				D4CE129B2B49F47000A7172B /* Life Goals */,
				D4CE12712B49EFE900A7172B /* Assets.xcassets */,
				D4CE12732B49EFE900A7172B /* Personal_Guide.entitlements */,
				D4CE12742B49EFE900A7172B /* Preview Content */,
			);
			path = "Personal Guide";
			sourceTree = "<group>";
		};
		D4CE12742B49EFE900A7172B /* Preview Content */ = {
			isa = PBXGroup;
			children = (
				D4CE12752B49EFE900A7172B /* Preview Assets.xcassets */,
			);
			path = "Preview Content";
			sourceTree = "<group>";
		};
		D4CE127E2B49EFEA00A7172B /* Personal GuideTests */ = {
			isa = PBXGroup;
			children = (
				D4CE127F2B49EFEA00A7172B /* Personal_GuideTests.swift */,
			);
			path = "Personal GuideTests";
			sourceTree = "<group>";
		};
		D4CE12882B49EFEA00A7172B /* Personal GuideUITests */ = {
			isa = PBXGroup;
			children = (
				D4CE12892B49EFEA00A7172B /* Personal_GuideUITests.swift */,
				D4CE128B2B49EFEA00A7172B /* Personal_GuideUITestsLaunchTests.swift */,
			);
			path = "Personal GuideUITests";
			sourceTree = "<group>";
		};
		D4CE12982B49F0F100A7172B /* Data */ = {
			isa = PBXGroup;
			children = (
				D4CE12A62B49FE0100A7172B /* DataContainerErrorView.swift */,
				D4CE12A22B49F8E400A7172B /* PreviewContainer.swift */,
				D4CE12A42B49FD8200A7172B /* ProductionContainer.swift */,
			);
			path = Data;
			sourceTree = "<group>";
		};
		D4CE129B2B49F47000A7172B /* Life Goals */ = {
			isa = PBXGroup;
			children = (
				D4CE129C2B49F47D00A7172B /* Models */,
				D4CE12A82B49FF1C00A7172B /* Views */,
			);
			path = "Life Goals";
			sourceTree = "<group>";
		};
		D4CE129C2B49F47D00A7172B /* Models */ = {
			isa = PBXGroup;
			children = (
				D4CE12992B49F14E00A7172B /* LifeGoalV1.swift */,
			);
			path = Models;
			sourceTree = "<group>";
		};
		D4CE12A82B49FF1C00A7172B /* Views */ = {
			isa = PBXGroup;
			children = (
				D4CE12AD2B4A09BC00A7172B /* LifeGoalDetailView.swift */,
				D4CE12AF2B4A0D2400A7172B /* LifeGoalList.swift */,
				D4CE12B12B4A0EC400A7172B /* LifeGoalOverview.swift */,
				D4CE12AB2B4A092B00A7172B /* LifeGoalRow.swift */,
				D4CE12A92B49FF8B00A7172B /* NoLifeGoalsView.swift */,
				D4CE12B32B4DD29B00A7172B /* LifeGoalDetailMode.swift */,
			);
			path = Views;
			sourceTree = "<group>";
		};
		D4CE12B52B4DD51B00A7172B /* Common */ = {
			isa = PBXGroup;
			children = (
				D4CE12B62B4DD52900A7172B /* NavigationBarButton.swift */,
			);
			path = Common;
			sourceTree = "<group>";
		};
/* End PBXGroup section */

/* Begin PBXNativeTarget section */
		D4CE12672B49EFE800A7172B /* Personal Guide */ = {
			isa = PBXNativeTarget;
			buildConfigurationList = D4CE128F2B49EFEA00A7172B /* Build configuration list for PBXNativeTarget "Personal Guide" */;
			buildPhases = (
				D4CE12642B49EFE800A7172B /* Sources */,
				D4CE12652B49EFE800A7172B /* Frameworks */,
				D4CE12662B49EFE800A7172B /* Resources */,
			);
			buildRules = (
			);
			dependencies = (
			);
			name = "Personal Guide";
			productName = "Personal Guide";
			productReference = D4CE12682B49EFE800A7172B /* Personal Guide.app */;
			productType = "com.apple.product-type.application";
		};
		D4CE127A2B49EFEA00A7172B /* Personal GuideTests */ = {
			isa = PBXNativeTarget;
			buildConfigurationList = D4CE12922B49EFEA00A7172B /* Build configuration list for PBXNativeTarget "Personal GuideTests" */;
			buildPhases = (
				D4CE12772B49EFEA00A7172B /* Sources */,
				D4CE12782B49EFEA00A7172B /* Frameworks */,
				D4CE12792B49EFEA00A7172B /* Resources */,
			);
			buildRules = (
			);
			dependencies = (
				D4CE127D2B49EFEA00A7172B /* PBXTargetDependency */,
			);
			name = "Personal GuideTests";
			productName = "Personal GuideTests";
			productReference = D4CE127B2B49EFEA00A7172B /* Personal GuideTests.xctest */;
			productType = "com.apple.product-type.bundle.unit-test";
		};
		D4CE12842B49EFEA00A7172B /* Personal GuideUITests */ = {
			isa = PBXNativeTarget;
			buildConfigurationList = D4CE12952B49EFEA00A7172B /* Build configuration list for PBXNativeTarget "Personal GuideUITests" */;
			buildPhases = (
				D4CE12812B49EFEA00A7172B /* Sources */,
				D4CE12822B49EFEA00A7172B /* Frameworks */,
				D4CE12832B49EFEA00A7172B /* Resources */,
			);
			buildRules = (
			);
			dependencies = (
				D4CE12872B49EFEA00A7172B /* PBXTargetDependency */,
			);
			name = "Personal GuideUITests";
			productName = "Personal GuideUITests";
			productReference = D4CE12852B49EFEA00A7172B /* Personal GuideUITests.xctest */;
			productType = "com.apple.product-type.bundle.ui-testing";
		};
/* End PBXNativeTarget section */

/* Begin PBXProject section */
		D4CE12602B49EFE800A7172B /* Project object */ = {
			isa = PBXProject;
			attributes = {
				BuildIndependentTargetsInParallel = 1;
				LastSwiftUpdateCheck = 1510;
				LastUpgradeCheck = 1510;
				TargetAttributes = {
					D4CE12672B49EFE800A7172B = {
						CreatedOnToolsVersion = 15.1;
					};
					D4CE127A2B49EFEA00A7172B = {
						CreatedOnToolsVersion = 15.1;
						TestTargetID = D4CE12672B49EFE800A7172B;
					};
					D4CE12842B49EFEA00A7172B = {
						CreatedOnToolsVersion = 15.1;
						TestTargetID = D4CE12672B49EFE800A7172B;
					};
				};
			};
			buildConfigurationList = D4CE12632B49EFE800A7172B /* Build configuration list for PBXProject "Personal Guide" */;
			compatibilityVersion = "Xcode 14.0";
			developmentRegion = en;
			hasScannedForEncodings = 0;
			knownRegions = (
				en,
				Base,
			);
			mainGroup = D4CE125F2B49EFE800A7172B;
			productRefGroup = D4CE12692B49EFE800A7172B /* Products */;
			projectDirPath = "";
			projectRoot = "";
			targets = (
				D4CE12672B49EFE800A7172B /* Personal Guide */,
				D4CE127A2B49EFEA00A7172B /* Personal GuideTests */,
				D4CE12842B49EFEA00A7172B /* Personal GuideUITests */,
			);
		};
/* End PBXProject section */

/* Begin PBXResourcesBuildPhase section */
		D4CE12662B49EFE800A7172B /* Resources */ = {
			isa = PBXResourcesBuildPhase;
			buildActionMask = 2147483647;
			files = (
				D4CE12A12B49F74100A7172B /* Launch Screen.storyboard in Resources */,
				D4CE12762B49EFE900A7172B /* Preview Assets.xcassets in Resources */,
				D4CE12722B49EFE900A7172B /* Assets.xcassets in Resources */,
			);
			runOnlyForDeploymentPostprocessing = 0;
		};
		D4CE12792B49EFEA00A7172B /* Resources */ = {
			isa = PBXResourcesBuildPhase;
			buildActionMask = 2147483647;
			files = (
			);
			runOnlyForDeploymentPostprocessing = 0;
		};
		D4CE12832B49EFEA00A7172B /* Resources */ = {
			isa = PBXResourcesBuildPhase;
			buildActionMask = 2147483647;
			files = (
			);
			runOnlyForDeploymentPostprocessing = 0;
		};
/* End PBXResourcesBuildPhase section */

/* Begin PBXSourcesBuildPhase section */
		D4CE12642B49EFE800A7172B /* Sources */ = {
			isa = PBXSourcesBuildPhase;
			buildActionMask = 2147483647;
			files = (
				D4CE129A2B49F14E00A7172B /* LifeGoalV1.swift in Sources */,
				D4CE12B72B4DD52900A7172B /* NavigationBarButton.swift in Sources */,
				D4CE12AE2B4A09BC00A7172B /* LifeGoalDetailView.swift in Sources */,
				D4CE12B22B4A0EC400A7172B /* LifeGoalOverview.swift in Sources */,
				D4CE12A52B49FD8200A7172B /* ProductionContainer.swift in Sources */,
				D4CE12A72B49FE0100A7172B /* DataContainerErrorView.swift in Sources */,
				D4CE12AC2B4A092B00A7172B /* LifeGoalRow.swift in Sources */,
				D4CE12A32B49F8E400A7172B /* PreviewContainer.swift in Sources */,
				D4CE12B02B4A0D2400A7172B /* LifeGoalList.swift in Sources */,
				D4CE12AA2B49FF8B00A7172B /* NoLifeGoalsView.swift in Sources */,
				D4CE126C2B49EFE800A7172B /* PersonalGuideApp.swift in Sources */,
				D4CE12B42B4DD29B00A7172B /* LifeGoalDetailMode.swift in Sources */,
			);
			runOnlyForDeploymentPostprocessing = 0;
		};
		D4CE12772B49EFEA00A7172B /* Sources */ = {
			isa = PBXSourcesBuildPhase;
			buildActionMask = 2147483647;
			files = (
				D4CE12802B49EFEA00A7172B /* Personal_GuideTests.swift in Sources */,
			);
			runOnlyForDeploymentPostprocessing = 0;
		};
		D4CE12812B49EFEA00A7172B /* Sources */ = {
			isa = PBXSourcesBuildPhase;
			buildActionMask = 2147483647;
			files = (
				D4CE128A2B49EFEA00A7172B /* Personal_GuideUITests.swift in Sources */,
				D4CE128C2B49EFEA00A7172B /* Personal_GuideUITestsLaunchTests.swift in Sources */,
			);
			runOnlyForDeploymentPostprocessing = 0;
		};
/* End PBXSourcesBuildPhase section */

/* Begin PBXTargetDependency section */
		D4CE127D2B49EFEA00A7172B /* PBXTargetDependency */ = {
			isa = PBXTargetDependency;
			target = D4CE12672B49EFE800A7172B /* Personal Guide */;
			targetProxy = D4CE127C2B49EFEA00A7172B /* PBXContainerItemProxy */;
		};
		D4CE12872B49EFEA00A7172B /* PBXTargetDependency */ = {
			isa = PBXTargetDependency;
			target = D4CE12672B49EFE800A7172B /* Personal Guide */;
			targetProxy = D4CE12862B49EFEA00A7172B /* PBXContainerItemProxy */;
		};
/* End PBXTargetDependency section */

/* Begin XCBuildConfiguration section */
		D4CE128D2B49EFEA00A7172B /* Debug */ = {
			isa = XCBuildConfiguration;
			buildSettings = {
				ALWAYS_SEARCH_USER_PATHS = NO;
				ASSETCATALOG_COMPILER_GENERATE_SWIFT_ASSET_SYMBOL_EXTENSIONS = YES;
				CLANG_ANALYZER_NONNULL = YES;
				CLANG_ANALYZER_NUMBER_OBJECT_CONVERSION = YES_AGGRESSIVE;
				CLANG_CXX_LANGUAGE_STANDARD = "gnu++20";
				CLANG_ENABLE_MODULES = YES;
				CLANG_ENABLE_OBJC_ARC = YES;
				CLANG_ENABLE_OBJC_WEAK = YES;
				CLANG_WARN_BLOCK_CAPTURE_AUTORELEASING = YES;
				CLANG_WARN_BOOL_CONVERSION = YES;
				CLANG_WARN_COMMA = YES;
				CLANG_WARN_CONSTANT_CONVERSION = YES;
				CLANG_WARN_DEPRECATED_OBJC_IMPLEMENTATIONS = YES;
				CLANG_WARN_DIRECT_OBJC_ISA_USAGE = YES_ERROR;
				CLANG_WARN_DOCUMENTATION_COMMENTS = YES;
				CLANG_WARN_EMPTY_BODY = YES;
				CLANG_WARN_ENUM_CONVERSION = YES;
				CLANG_WARN_INFINITE_RECURSION = YES;
				CLANG_WARN_INT_CONVERSION = YES;
				CLANG_WARN_NON_LITERAL_NULL_CONVERSION = YES;
				CLANG_WARN_OBJC_IMPLICIT_RETAIN_SELF = YES;
				CLANG_WARN_OBJC_LITERAL_CONVERSION = YES;
				CLANG_WARN_OBJC_ROOT_CLASS = YES_ERROR;
				CLANG_WARN_QUOTED_INCLUDE_IN_FRAMEWORK_HEADER = YES;
				CLANG_WARN_RANGE_LOOP_ANALYSIS = YES;
				CLANG_WARN_STRICT_PROTOTYPES = YES;
				CLANG_WARN_SUSPICIOUS_MOVE = YES;
				CLANG_WARN_UNGUARDED_AVAILABILITY = YES_AGGRESSIVE;
				CLANG_WARN_UNREACHABLE_CODE = YES;
				CLANG_WARN__DUPLICATE_METHOD_MATCH = YES;
				COPY_PHASE_STRIP = NO;
				DEBUG_INFORMATION_FORMAT = dwarf;
				ENABLE_STRICT_OBJC_MSGSEND = YES;
				ENABLE_TESTABILITY = YES;
				ENABLE_USER_SCRIPT_SANDBOXING = YES;
				GCC_C_LANGUAGE_STANDARD = gnu17;
				GCC_DYNAMIC_NO_PIC = NO;
				GCC_NO_COMMON_BLOCKS = YES;
				GCC_OPTIMIZATION_LEVEL = 0;
				GCC_PREPROCESSOR_DEFINITIONS = (
					"DEBUG=1",
					"$(inherited)",
				);
				GCC_WARN_64_TO_32_BIT_CONVERSION = YES;
				GCC_WARN_ABOUT_RETURN_TYPE = YES_ERROR;
				GCC_WARN_UNDECLARED_SELECTOR = YES;
				GCC_WARN_UNINITIALIZED_AUTOS = YES_AGGRESSIVE;
				GCC_WARN_UNUSED_FUNCTION = YES;
				GCC_WARN_UNUSED_VARIABLE = YES;
				LOCALIZATION_PREFERS_STRING_CATALOGS = YES;
				MTL_ENABLE_DEBUG_INFO = INCLUDE_SOURCE;
				MTL_FAST_MATH = YES;
				ONLY_ACTIVE_ARCH = YES;
				SWIFT_ACTIVE_COMPILATION_CONDITIONS = "DEBUG $(inherited)";
				SWIFT_OPTIMIZATION_LEVEL = "-Onone";
			};
			name = Debug;
		};
		D4CE128E2B49EFEA00A7172B /* Release */ = {
			isa = XCBuildConfiguration;
			buildSettings = {
				ALWAYS_SEARCH_USER_PATHS = NO;
				ASSETCATALOG_COMPILER_GENERATE_SWIFT_ASSET_SYMBOL_EXTENSIONS = YES;
				CLANG_ANALYZER_NONNULL = YES;
				CLANG_ANALYZER_NUMBER_OBJECT_CONVERSION = YES_AGGRESSIVE;
				CLANG_CXX_LANGUAGE_STANDARD = "gnu++20";
				CLANG_ENABLE_MODULES = YES;
				CLANG_ENABLE_OBJC_ARC = YES;
				CLANG_ENABLE_OBJC_WEAK = YES;
				CLANG_WARN_BLOCK_CAPTURE_AUTORELEASING = YES;
				CLANG_WARN_BOOL_CONVERSION = YES;
				CLANG_WARN_COMMA = YES;
				CLANG_WARN_CONSTANT_CONVERSION = YES;
				CLANG_WARN_DEPRECATED_OBJC_IMPLEMENTATIONS = YES;
				CLANG_WARN_DIRECT_OBJC_ISA_USAGE = YES_ERROR;
				CLANG_WARN_DOCUMENTATION_COMMENTS = YES;
				CLANG_WARN_EMPTY_BODY = YES;
				CLANG_WARN_ENUM_CONVERSION = YES;
				CLANG_WARN_INFINITE_RECURSION = YES;
				CLANG_WARN_INT_CONVERSION = YES;
				CLANG_WARN_NON_LITERAL_NULL_CONVERSION = YES;
				CLANG_WARN_OBJC_IMPLICIT_RETAIN_SELF = YES;
				CLANG_WARN_OBJC_LITERAL_CONVERSION = YES;
				CLANG_WARN_OBJC_ROOT_CLASS = YES_ERROR;
				CLANG_WARN_QUOTED_INCLUDE_IN_FRAMEWORK_HEADER = YES;
				CLANG_WARN_RANGE_LOOP_ANALYSIS = YES;
				CLANG_WARN_STRICT_PROTOTYPES = YES;
				CLANG_WARN_SUSPICIOUS_MOVE = YES;
				CLANG_WARN_UNGUARDED_AVAILABILITY = YES_AGGRESSIVE;
				CLANG_WARN_UNREACHABLE_CODE = YES;
				CLANG_WARN__DUPLICATE_METHOD_MATCH = YES;
				COPY_PHASE_STRIP = NO;
				DEBUG_INFORMATION_FORMAT = "dwarf-with-dsym";
				ENABLE_NS_ASSERTIONS = NO;
				ENABLE_STRICT_OBJC_MSGSEND = YES;
				ENABLE_USER_SCRIPT_SANDBOXING = YES;
				GCC_C_LANGUAGE_STANDARD = gnu17;
				GCC_NO_COMMON_BLOCKS = YES;
				GCC_WARN_64_TO_32_BIT_CONVERSION = YES;
				GCC_WARN_ABOUT_RETURN_TYPE = YES_ERROR;
				GCC_WARN_UNDECLARED_SELECTOR = YES;
				GCC_WARN_UNINITIALIZED_AUTOS = YES_AGGRESSIVE;
				GCC_WARN_UNUSED_FUNCTION = YES;
				GCC_WARN_UNUSED_VARIABLE = YES;
				LOCALIZATION_PREFERS_STRING_CATALOGS = YES;
				MTL_ENABLE_DEBUG_INFO = NO;
				MTL_FAST_MATH = YES;
				SWIFT_COMPILATION_MODE = wholemodule;
			};
			name = Release;
		};
		D4CE12902B49EFEA00A7172B /* Debug */ = {
			isa = XCBuildConfiguration;
			buildSettings = {
				ASSETCATALOG_COMPILER_APPICON_NAME = AppIcon;
				ASSETCATALOG_COMPILER_GLOBAL_ACCENT_COLOR_NAME = AccentColor;
				CODE_SIGN_ENTITLEMENTS = "Personal Guide/Personal_Guide.entitlements";
				CODE_SIGN_STYLE = Automatic;
				CURRENT_PROJECT_VERSION = 1;
				DEVELOPMENT_ASSET_PATHS = "\"Personal Guide/Preview Content\"";
				DEVELOPMENT_TEAM = 67TJ2BH88M;
				ENABLE_HARDENED_RUNTIME = YES;
				ENABLE_PREVIEWS = YES;
				GENERATE_INFOPLIST_FILE = YES;
				INFOPLIST_FILE = "Personal-Guide-Info.plist";
				INFOPLIST_KEY_LSApplicationCategoryType = "public.app-category.lifestyle";
				"INFOPLIST_KEY_UIApplicationSceneManifest_Generation[sdk=iphoneos*]" = YES;
				"INFOPLIST_KEY_UIApplicationSceneManifest_Generation[sdk=iphonesimulator*]" = YES;
				"INFOPLIST_KEY_UIApplicationSupportsIndirectInputEvents[sdk=iphoneos*]" = YES;
				"INFOPLIST_KEY_UIApplicationSupportsIndirectInputEvents[sdk=iphonesimulator*]" = YES;
				"INFOPLIST_KEY_UILaunchScreen_Generation[sdk=iphoneos*]" = YES;
				"INFOPLIST_KEY_UILaunchScreen_Generation[sdk=iphonesimulator*]" = YES;
				INFOPLIST_KEY_UILaunchStoryboardName = "Launch Screen.storyboard";
				INFOPLIST_KEY_UIRequiredDeviceCapabilities = "";
				"INFOPLIST_KEY_UIStatusBarStyle[sdk=iphoneos*]" = UIStatusBarStyleDefault;
				"INFOPLIST_KEY_UIStatusBarStyle[sdk=iphonesimulator*]" = UIStatusBarStyleDefault;
				INFOPLIST_KEY_UISupportedInterfaceOrientations = UIInterfaceOrientationPortrait;
				INFOPLIST_KEY_UISupportedInterfaceOrientations_iPad = "UIInterfaceOrientationLandscapeLeft UIInterfaceOrientationLandscapeRight UIInterfaceOrientationPortrait UIInterfaceOrientationPortraitUpsideDown";
				IPHONEOS_DEPLOYMENT_TARGET = 17.2;
				LD_RUNPATH_SEARCH_PATHS = "@executable_path/Frameworks";
				"LD_RUNPATH_SEARCH_PATHS[sdk=macosx*]" = "@executable_path/../Frameworks";
				MACOSX_DEPLOYMENT_TARGET = 14.0;
				MARKETING_VERSION = 1.0;
				PRODUCT_BUNDLE_IDENTIFIER = "org.personal-leadership.Personal-Guide";
				PRODUCT_NAME = "$(TARGET_NAME)";
				SDKROOT = auto;
				SUPPORTED_PLATFORMS = "iphoneos iphonesimulator";
				SUPPORTS_MACCATALYST = NO;
				SWIFT_EMIT_LOC_STRINGS = YES;
				SWIFT_VERSION = 5.0;
				TARGETED_DEVICE_FAMILY = 1;
			};
			name = Debug;
		};
		D4CE12912B49EFEA00A7172B /* Release */ = {
			isa = XCBuildConfiguration;
			buildSettings = {
				ASSETCATALOG_COMPILER_APPICON_NAME = AppIcon;
				ASSETCATALOG_COMPILER_GLOBAL_ACCENT_COLOR_NAME = AccentColor;
				CODE_SIGN_ENTITLEMENTS = "Personal Guide/Personal_Guide.entitlements";
				CODE_SIGN_STYLE = Automatic;
				CURRENT_PROJECT_VERSION = 1;
				DEVELOPMENT_ASSET_PATHS = "\"Personal Guide/Preview Content\"";
				DEVELOPMENT_TEAM = 67TJ2BH88M;
				ENABLE_HARDENED_RUNTIME = YES;
				ENABLE_PREVIEWS = YES;
				GENERATE_INFOPLIST_FILE = YES;
				INFOPLIST_FILE = "Personal-Guide-Info.plist";
				INFOPLIST_KEY_LSApplicationCategoryType = "public.app-category.lifestyle";
				"INFOPLIST_KEY_UIApplicationSceneManifest_Generation[sdk=iphoneos*]" = YES;
				"INFOPLIST_KEY_UIApplicationSceneManifest_Generation[sdk=iphonesimulator*]" = YES;
				"INFOPLIST_KEY_UIApplicationSupportsIndirectInputEvents[sdk=iphoneos*]" = YES;
				"INFOPLIST_KEY_UIApplicationSupportsIndirectInputEvents[sdk=iphonesimulator*]" = YES;
				"INFOPLIST_KEY_UILaunchScreen_Generation[sdk=iphoneos*]" = YES;
				"INFOPLIST_KEY_UILaunchScreen_Generation[sdk=iphonesimulator*]" = YES;
				INFOPLIST_KEY_UILaunchStoryboardName = "Launch Screen.storyboard";
				INFOPLIST_KEY_UIRequiredDeviceCapabilities = "";
				"INFOPLIST_KEY_UIStatusBarStyle[sdk=iphoneos*]" = UIStatusBarStyleDefault;
				"INFOPLIST_KEY_UIStatusBarStyle[sdk=iphonesimulator*]" = UIStatusBarStyleDefault;
				INFOPLIST_KEY_UISupportedInterfaceOrientations = UIInterfaceOrientationPortrait;
				INFOPLIST_KEY_UISupportedInterfaceOrientations_iPad = "UIInterfaceOrientationLandscapeLeft UIInterfaceOrientationLandscapeRight UIInterfaceOrientationPortrait UIInterfaceOrientationPortraitUpsideDown";
				IPHONEOS_DEPLOYMENT_TARGET = 17.2;
				LD_RUNPATH_SEARCH_PATHS = "@executable_path/Frameworks";
				"LD_RUNPATH_SEARCH_PATHS[sdk=macosx*]" = "@executable_path/../Frameworks";
				MACOSX_DEPLOYMENT_TARGET = 14.0;
				MARKETING_VERSION = 1.0;
				PRODUCT_BUNDLE_IDENTIFIER = "org.personal-leadership.Personal-Guide";
				PRODUCT_NAME = "$(TARGET_NAME)";
				SDKROOT = auto;
				SUPPORTED_PLATFORMS = "iphoneos iphonesimulator";
				SUPPORTS_MACCATALYST = NO;
				SWIFT_EMIT_LOC_STRINGS = YES;
				SWIFT_VERSION = 5.0;
				TARGETED_DEVICE_FAMILY = 1;
			};
			name = Release;
		};
		D4CE12932B49EFEA00A7172B /* Debug */ = {
			isa = XCBuildConfiguration;
			buildSettings = {
				ALWAYS_EMBED_SWIFT_STANDARD_LIBRARIES = YES;
				BUNDLE_LOADER = "$(TEST_HOST)";
				CODE_SIGN_STYLE = Automatic;
				CURRENT_PROJECT_VERSION = 1;
				DEVELOPMENT_TEAM = 67TJ2BH88M;
				GENERATE_INFOPLIST_FILE = YES;
				IPHONEOS_DEPLOYMENT_TARGET = 17.2;
				MACOSX_DEPLOYMENT_TARGET = 14.2;
				MARKETING_VERSION = 1.0;
				PRODUCT_BUNDLE_IDENTIFIER = "org.personal-leadership.Personal-GuideTests";
				PRODUCT_NAME = "$(TARGET_NAME)";
				SDKROOT = auto;
				SUPPORTED_PLATFORMS = "iphoneos iphonesimulator macosx";
				SWIFT_EMIT_LOC_STRINGS = NO;
				SWIFT_VERSION = 5.0;
				TARGETED_DEVICE_FAMILY = "1,2";
				TEST_HOST = "$(BUILT_PRODUCTS_DIR)/Personal Guide.app/$(BUNDLE_EXECUTABLE_FOLDER_PATH)/Personal Guide";
			};
			name = Debug;
		};
		D4CE12942B49EFEA00A7172B /* Release */ = {
			isa = XCBuildConfiguration;
			buildSettings = {
				ALWAYS_EMBED_SWIFT_STANDARD_LIBRARIES = YES;
				BUNDLE_LOADER = "$(TEST_HOST)";
				CODE_SIGN_STYLE = Automatic;
				CURRENT_PROJECT_VERSION = 1;
				DEVELOPMENT_TEAM = 67TJ2BH88M;
				GENERATE_INFOPLIST_FILE = YES;
				IPHONEOS_DEPLOYMENT_TARGET = 17.2;
				MACOSX_DEPLOYMENT_TARGET = 14.2;
				MARKETING_VERSION = 1.0;
				PRODUCT_BUNDLE_IDENTIFIER = "org.personal-leadership.Personal-GuideTests";
				PRODUCT_NAME = "$(TARGET_NAME)";
				SDKROOT = auto;
				SUPPORTED_PLATFORMS = "iphoneos iphonesimulator macosx";
				SWIFT_EMIT_LOC_STRINGS = NO;
				SWIFT_VERSION = 5.0;
				TARGETED_DEVICE_FAMILY = "1,2";
				TEST_HOST = "$(BUILT_PRODUCTS_DIR)/Personal Guide.app/$(BUNDLE_EXECUTABLE_FOLDER_PATH)/Personal Guide";
			};
			name = Release;
		};
		D4CE12962B49EFEA00A7172B /* Debug */ = {
			isa = XCBuildConfiguration;
			buildSettings = {
				ALWAYS_EMBED_SWIFT_STANDARD_LIBRARIES = YES;
				CODE_SIGN_STYLE = Automatic;
				CURRENT_PROJECT_VERSION = 1;
				DEVELOPMENT_TEAM = 67TJ2BH88M;
				GENERATE_INFOPLIST_FILE = YES;
				IPHONEOS_DEPLOYMENT_TARGET = 17.2;
				MACOSX_DEPLOYMENT_TARGET = 14.2;
				MARKETING_VERSION = 1.0;
				PRODUCT_BUNDLE_IDENTIFIER = "org.personal-leadership.Personal-GuideUITests";
				PRODUCT_NAME = "$(TARGET_NAME)";
				SDKROOT = auto;
				SUPPORTED_PLATFORMS = "iphoneos iphonesimulator macosx";
				SWIFT_EMIT_LOC_STRINGS = NO;
				SWIFT_VERSION = 5.0;
				TARGETED_DEVICE_FAMILY = "1,2";
				TEST_TARGET_NAME = "Personal Guide";
			};
			name = Debug;
		};
		D4CE12972B49EFEA00A7172B /* Release */ = {
			isa = XCBuildConfiguration;
			buildSettings = {
				ALWAYS_EMBED_SWIFT_STANDARD_LIBRARIES = YES;
				CODE_SIGN_STYLE = Automatic;
				CURRENT_PROJECT_VERSION = 1;
				DEVELOPMENT_TEAM = 67TJ2BH88M;
				GENERATE_INFOPLIST_FILE = YES;
				IPHONEOS_DEPLOYMENT_TARGET = 17.2;
				MACOSX_DEPLOYMENT_TARGET = 14.2;
				MARKETING_VERSION = 1.0;
				PRODUCT_BUNDLE_IDENTIFIER = "org.personal-leadership.Personal-GuideUITests";
				PRODUCT_NAME = "$(TARGET_NAME)";
				SDKROOT = auto;
				SUPPORTED_PLATFORMS = "iphoneos iphonesimulator macosx";
				SWIFT_EMIT_LOC_STRINGS = NO;
				SWIFT_VERSION = 5.0;
				TARGETED_DEVICE_FAMILY = "1,2";
				TEST_TARGET_NAME = "Personal Guide";
			};
			name = Release;
		};
/* End XCBuildConfiguration section */

/* Begin XCConfigurationList section */
		D4CE12632B49EFE800A7172B /* Build configuration list for PBXProject "Personal Guide" */ = {
			isa = XCConfigurationList;
			buildConfigurations = (
				D4CE128D2B49EFEA00A7172B /* Debug */,
				D4CE128E2B49EFEA00A7172B /* Release */,
			);
			defaultConfigurationIsVisible = 0;
			defaultConfigurationName = Release;
		};
		D4CE128F2B49EFEA00A7172B /* Build configuration list for PBXNativeTarget "Personal Guide" */ = {
			isa = XCConfigurationList;
			buildConfigurations = (
				D4CE12902B49EFEA00A7172B /* Debug */,
				D4CE12912B49EFEA00A7172B /* Release */,
			);
			defaultConfigurationIsVisible = 0;
			defaultConfigurationName = Release;
		};
		D4CE12922B49EFEA00A7172B /* Build configuration list for PBXNativeTarget "Personal GuideTests" */ = {
			isa = XCConfigurationList;
			buildConfigurations = (
				D4CE12932B49EFEA00A7172B /* Debug */,
				D4CE12942B49EFEA00A7172B /* Release */,
			);
			defaultConfigurationIsVisible = 0;
			defaultConfigurationName = Release;
		};
		D4CE12952B49EFEA00A7172B /* Build configuration list for PBXNativeTarget "Personal GuideUITests" */ = {
			isa = XCConfigurationList;
			buildConfigurations = (
				D4CE12962B49EFEA00A7172B /* Debug */,
				D4CE12972B49EFEA00A7172B /* Release */,
			);
			defaultConfigurationIsVisible = 0;
			defaultConfigurationName = Release;
		};
/* End XCConfigurationList section */
	};
	rootObject = D4CE12602B49EFE800A7172B /* Project object */;
}
